
Microsoft Visual Studio Solution File, Format Version 12.00
# Visual Studio Version 17
VisualStudioVersion = 17.13.35919.96 d17.13
MinimumVisualStudioVersion = 10.0.40219.1
Project("{FAE04EC0-301F-11D3-BF4B-00C04F79EFBC}") = "TeslaAppMovilFinal2.0", "TeslaAppMovilFinal2.0\TeslaAppMovilFinal2.0.csproj", "{1A1D09F4-F8F8-400C-A308-21DC5DC055CD}"
EndProject
Global
	GlobalSection(SolutionConfigurationPlatforms) = preSolution
		Debug|Any CPU = Debug|Any CPU
		Release|Any CPU = Release|Any CPU
	EndGlobalSection
	GlobalSection(ProjectConfigurationPlatforms) = postSolution
		{1A1D09F4-F8F8-400C-A308-21DC5DC055CD}.Debug|Any CPU.ActiveCfg = Debug|Any CPU
		{1A1D09F4-F8F8-400C-A308-21DC5DC055CD}.Debug|Any CPU.Build.0 = Debug|Any CPU
		{1A1D09F4-F8F8-400C-A308-21DC5DC055CD}.Release|Any CPU.ActiveCfg = Release|Any CPU
		{1A1D09F4-F8F8-400C-A308-21DC5DC055CD}.Release|Any CPU.Build.0 = Release|Any CPU
	EndGlobalSection
	GlobalSection(SolutionProperties) = preSolution
		HideSolutionNode = FALSE
	EndGlobalSection
	GlobalSection(ExtensibilityGlobals) = postSolution
		SolutionGuid = {852E7E68-3B91-49C6-B683-691224AB3159}
	EndGlobalSection
EndGlobal
